
Microsoft Visual Studio Solution File, Format Version 12.00
# Visual Studio Version 17
VisualStudioVersion = 17.14.36915.13 d17.14
MinimumVisualStudioVersion = 10.0.40219.1
Project("{FAE04EC0-301F-11D3-BF4B-00C04F79EFBC}") = "RideOnServer", "RideOnServer.csproj", "{B413E900-4F2D-4D78-9181-0F77A6C9BF7A}"
EndProject
Global
	GlobalSection(SolutionConfigurationPlatforms) = preSolution
		Debug|Any CPU = Debug|Any CPU
		Release|Any CPU = Release|Any CPU
	EndGlobalSection
	GlobalSection(ProjectConfigurationPlatforms) = postSolution
		{B413E900-4F2D-4D78-9181-0F77A6C9BF7A}.Debug|Any CPU.ActiveCfg = Debug|Any CPU
		{B413E900-4F2D-4D78-9181-0F77A6C9BF7A}.Debug|Any CPU.Build.0 = Debug|Any CPU
		{B413E900-4F2D-4D78-9181-0F77A6C9BF7A}.Release|Any CPU.ActiveCfg = Release|Any CPU
		{B413E900-4F2D-4D78-9181-0F77A6C9BF7A}.Release|Any CPU.Build.0 = Release|Any CPU
	EndGlobalSection
	GlobalSection(SolutionProperties) = preSolution
		HideSolutionNode = FALSE
	EndGlobalSection
	GlobalSection(ExtensibilityGlobals) = postSolution
		SolutionGuid = {42A12297-F3C9-4E6F-9033-14752F7A4CEA}
	EndGlobalSection
EndGlobal
